
Microsoft Visual Studio Solution File, Format Version 12.00
# Visual Studio Version 17
VisualStudioVersion = 17.14.36511.14 d17.14
MinimumVisualStudioVersion = 10.0.40219.1
Project("{FAE04EC0-301F-11D3-BF4B-00C04F79EFBC}") = "TowerDefenseBlazor", "TowerDefenseBlazor\TowerDefenseBlazor.csproj", "{F1BE2C62-BE64-4B68-B869-68164744C4E1}"
EndProject
Project("{FAE04EC0-301F-11D3-BF4B-00C04F79EFBC}") = "TowerDefenseBlazor.API", "TowerDefenseBlazor.API\TowerDefenseBlazor.API.csproj", "{186D786D-D235-4379-8CCA-A4524E038384}"
EndProject
Global
	GlobalSection(SolutionConfigurationPlatforms) = preSolution
		Debug|Any CPU = Debug|Any CPU
		Release|Any CPU = Release|Any CPU
	EndGlobalSection
	GlobalSection(ProjectConfigurationPlatforms) = postSolution
		{F1BE2C62-BE64-4B68-B869-68164744C4E1}.Debug|Any CPU.ActiveCfg = Debug|Any CPU
		{F1BE2C62-BE64-4B68-B869-68164744C4E1}.Debug|Any CPU.Build.0 = Debug|Any CPU
		{F1BE2C62-BE64-4B68-B869-68164744C4E1}.Release|Any CPU.ActiveCfg = Release|Any CPU
		{F1BE2C62-BE64-4B68-B869-68164744C4E1}.Release|Any CPU.Build.0 = Release|Any CPU
		{186D786D-D235-4379-8CCA-A4524E038384}.Debug|Any CPU.ActiveCfg = Debug|Any CPU
		{186D786D-D235-4379-8CCA-A4524E038384}.Debug|Any CPU.Build.0 = Debug|Any CPU
		{186D786D-D235-4379-8CCA-A4524E038384}.Release|Any CPU.ActiveCfg = Release|Any CPU
		{186D786D-D235-4379-8CCA-A4524E038384}.Release|Any CPU.Build.0 = Release|Any CPU
	EndGlobalSection
	GlobalSection(SolutionProperties) = preSolution
		HideSolutionNode = FALSE
	EndGlobalSection
	GlobalSection(ExtensibilityGlobals) = postSolution
		SolutionGuid = {2C4FB33D-B6F0-4B0C-87C3-F13270991A49}
	EndGlobalSection
EndGlobal
